
Microsoft Visual Studio Solution File, Format Version 12.00
# Visual Studio Version 17
VisualStudioVersion = 17.3.32929.385
MinimumVisualStudioVersion = 10.0.40219.1
Project("{FAE04EC0-301F-11D3-BF4B-00C04F79EFBC}") = "NotatniorWPF", "NotatniorWPF\NotatniorWPF.csproj", "{9849A3EC-5F95-490E-9BEA-9BD3C29BE4EA}"
EndProject
Global
	GlobalSection(SolutionConfigurationPlatforms) = preSolution
		Debug|Any CPU = Debug|Any CPU
		Release|Any CPU = Release|Any CPU
	EndGlobalSection
	GlobalSection(ProjectConfigurationPlatforms) = postSolution
		{9849A3EC-5F95-490E-9BEA-9BD3C29BE4EA}.Debug|Any CPU.ActiveCfg = Debug|Any CPU
		{9849A3EC-5F95-490E-9BEA-9BD3C29BE4EA}.Debug|Any CPU.Build.0 = Debug|Any CPU
		{9849A3EC-5F95-490E-9BEA-9BD3C29BE4EA}.Release|Any CPU.ActiveCfg = Release|Any CPU
		{9849A3EC-5F95-490E-9BEA-9BD3C29BE4EA}.Release|Any CPU.Build.0 = Release|Any CPU
	EndGlobalSection
	GlobalSection(SolutionProperties) = preSolution
		HideSolutionNode = FALSE
	EndGlobalSection
	GlobalSection(ExtensibilityGlobals) = postSolution
		SolutionGuid = {7E0B482E-9366-4705-8E31-6491EA47EA1B}
	EndGlobalSection
EndGlobal
